// !$*UTF8*$!
{
	archiveVersion = 1;
	classes = {
	};
	objectVersion = 56;
	objects = {

/* Begin PBXBuildFile section */
		26F99B972A2A179B00F0AF8F /* AppDelegate.swift in Sources */ = {isa = PBXBuildFile; fileRef = 26F99B962A2A179B00F0AF8F /* AppDelegate.swift */; };
		26F99B992A2A179B00F0AF8F /* SceneDelegate.swift in Sources */ = {isa = PBXBuildFile; fileRef = 26F99B982A2A179B00F0AF8F /* SceneDelegate.swift */; };
		26F99B9B2A2A179B00F0AF8F /* ViewController.swift in Sources */ = {isa = PBXBuildFile; fileRef = 26F99B9A2A2A179B00F0AF8F /* ViewController.swift */; };
		26F99B9E2A2A179B00F0AF8F /* Main.storyboard in Resources */ = {isa = PBXBuildFile; fileRef = 26F99B9C2A2A179B00F0AF8F /* Main.storyboard */; };
		26F99BA02A2A179D00F0AF8F /* Assets.xcassets in Resources */ = {isa = PBXBuildFile; fileRef = 26F99B9F2A2A179D00F0AF8F /* Assets.xcassets */; };
		26F99BA32A2A179D00F0AF8F /* LaunchScreen.storyboard in Resources */ = {isa = PBXBuildFile; fileRef = 26F99BA12A2A179D00F0AF8F /* LaunchScreen.storyboard */; };
		26F99BAE2A2A179E00F0AF8F /* TutorialTests.swift in Sources */ = {isa = PBXBuildFile; fileRef = 26F99BAD2A2A179E00F0AF8F /* TutorialTests.swift */; };
		26F99BB82A2A179E00F0AF8F /* TutorialUITests.swift in Sources */ = {isa = PBXBuildFile; fileRef = 26F99BB72A2A179E00F0AF8F /* TutorialUITests.swift */; };
		26F99BBA2A2A179E00F0AF8F /* TutorialUITestsLaunchTests.swift in Sources */ = {isa = PBXBuildFile; fileRef = 26F99BB92A2A179E00F0AF8F /* TutorialUITestsLaunchTests.swift */; };
/* End PBXBuildFile section */

/* Begin PBXContainerItemProxy section */
		26F99BAA2A2A179E00F0AF8F /* PBXContainerItemProxy */ = {
			isa = PBXContainerItemProxy;
			containerPortal = 26F99B8B2A2A179B00F0AF8F /* Project object */;
			proxyType = 1;
			remoteGlobalIDString = 26F99B922A2A179B00F0AF8F;
			remoteInfo = Tutorial;
		};
		26F99BB42A2A179E00F0AF8F /* PBXContainerItemProxy */ = {
			isa = PBXContainerItemProxy;
			containerPortal = 26F99B8B2A2A179B00F0AF8F /* Project object */;
			proxyType = 1;
			remoteGlobalIDString = 26F99B922A2A179B00F0AF8F;
			remoteInfo = Tutorial;
		};
/* End PBXContainerItemProxy section */

/* Begin PBXFileReference section */
		26F99B932A2A179B00F0AF8F /* Tutorial.app */ = {isa = PBXFileReference; explicitFileType = wrapper.application; includeInIndex = 0; path = Tutorial.app; sourceTree = BUILT_PRODUCTS_DIR; };
		26F99B962A2A179B00F0AF8F /* AppDelegate.swift */ = {isa = PBXFileReference; lastKnownFileType = sourcecode.swift; path = AppDelegate.swift; sourceTree = "<group>"; };
		26F99B982A2A179B00F0AF8F /* SceneDelegate.swift */ = {isa = PBXFileReference; lastKnownFileType = sourcecode.swift; path = SceneDelegate.swift; sourceTree = "<group>"; };
		26F99B9A2A2A179B00F0AF8F /* ViewController.swift */ = {isa = PBXFileReference; lastKnownFileType = sourcecode.swift; path = ViewController.swift; sourceTree = "<group>"; };
		26F99B9D2A2A179B00F0AF8F /* Base */ = {isa = PBXFileReference; lastKnownFileType = file.storyboard; name = Base; path = Base.lproj/Main.storyboard; sourceTree = "<group>"; };
		26F99B9F2A2A179D00F0AF8F /* Assets.xcassets */ = {isa = PBXFileReference; lastKnownFileType = folder.assetcatalog; path = Assets.xcassets; sourceTree = "<group>"; };
		26F99BA22A2A179D00F0AF8F /* Base */ = {isa = PBXFileReference; lastKnownFileType = file.storyboard; name = Base; path = Base.lproj/LaunchScreen.storyboard; sourceTree = "<group>"; };
		26F99BA42A2A179D00F0AF8F /* Info.plist */ = {isa = PBXFileReference; lastKnownFileType = text.plist.xml; path = Info.plist; sourceTree = "<group>"; };
		26F99BA92A2A179E00F0AF8F /* TutorialTests.xctest */ = {isa = PBXFileReference; explicitFileType = wrapper.cfbundle; includeInIndex = 0; path = TutorialTests.xctest; sourceTree = BUILT_PRODUCTS_DIR; };
		26F99BAD2A2A179E00F0AF8F /* TutorialTests.swift */ = {isa = PBXFileReference; lastKnownFileType = sourcecode.swift; path = TutorialTests.swift; sourceTree = "<group>"; };
		26F99BB32A2A179E00F0AF8F /* TutorialUITests.xctest */ = {isa = PBXFileReference; explicitFileType = wrapper.cfbundle; includeInIndex = 0; path = TutorialUITests.xctest; sourceTree = BUILT_PRODUCTS_DIR; };
		26F99BB72A2A179E00F0AF8F /* TutorialUITests.swift */ = {isa = PBXFileReference; lastKnownFileType = sourcecode.swift; path = TutorialUITests.swift; sourceTree = "<group>"; };
		26F99BB92A2A179E00F0AF8F /* TutorialUITestsLaunchTests.swift */ = {isa = PBXFileReference; lastKnownFileType = sourcecode.swift; path = TutorialUITestsLaunchTests.swift; sourceTree = "<group>"; };
/* End PBXFileReference section */

/* Begin PBXFrameworksBuildPhase section */
		26F99B902A2A179B00F0AF8F /* Frameworks */ = {
			isa = PBXFrameworksBuildPhase;
			buildActionMask = 2147483647;
			files = (
			);
			runOnlyForDeploymentPostprocessing = 0;
		};
		26F99BA62A2A179E00F0AF8F /* Frameworks */ = {
			isa = PBXFrameworksBuildPhase;
			buildActionMask = 2147483647;
			files = (
			);
			runOnlyForDeploymentPostprocessing = 0;
		};
		26F99BB02A2A179E00F0AF8F /* Frameworks */ = {
			isa = PBXFrameworksBuildPhase;
			buildActionMask = 2147483647;
			files = (
			);
			runOnlyForDeploymentPostprocessing = 0;
		};
/* End PBXFrameworksBuildPhase section */

/* Begin PBXGroup section */
		26F99B8A2A2A179B00F0AF8F = {
			isa = PBXGroup;
			children = (
				26F99B952A2A179B00F0AF8F /* Tutorial */,
				26F99BAC2A2A179E00F0AF8F /* TutorialTests */,
				26F99BB62A2A179E00F0AF8F /* TutorialUITests */,
				26F99B942A2A179B00F0AF8F /* Products */,
			);
			sourceTree = "<group>";
		};
		26F99B942A2A179B00F0AF8F /* Products */ = {
			isa = PBXGroup;
			children = (
				26F99B932A2A179B00F0AF8F /* Tutorial.app */,
				26F99BA92A2A179E00F0AF8F /* TutorialTests.xctest */,
				26F99BB32A2A179E00F0AF8F /* TutorialUITests.xctest */,
			);
			name = Products;
			sourceTree = "<group>";
		};
		26F99B952A2A179B00F0AF8F /* Tutorial */ = {
			isa = PBXGroup;
			children = (
				26F99B962A2A179B00F0AF8F /* AppDelegate.swift */,
				26F99B982A2A179B00F0AF8F /* SceneDelegate.swift */,
				26F99B9A2A2A179B00F0AF8F /* ViewController.swift */,
				26F99B9C2A2A179B00F0AF8F /* Main.storyboard */,
				26F99B9F2A2A179D00F0AF8F /* Assets.xcassets */,
				26F99BA12A2A179D00F0AF8F /* LaunchScreen.storyboard */,
				26F99BA42A2A179D00F0AF8F /* Info.plist */,
			);
			path = Tutorial;
			sourceTree = "<group>";
		};
		26F99BAC2A2A179E00F0AF8F /* TutorialTests */ = {
			isa = PBXGroup;
			children = (
				26F99BAD2A2A179E00F0AF8F /* TutorialTests.swift */,
			);
			path = TutorialTests;
			sourceTree = "<group>";
		};
		26F99BB62A2A179E00F0AF8F /* TutorialUITests */ = {
			isa = PBXGroup;
			children = (
				26F99BB72A2A179E00F0AF8F /* TutorialUITests.swift */,
				26F99BB92A2A179E00F0AF8F /* TutorialUITestsLaunchTests.swift */,
			);
			path = TutorialUITests;
			sourceTree = "<group>";
		};
/* End PBXGroup section */

/* Begin PBXNativeTarget section */
		26F99B922A2A179B00F0AF8F /* Tutorial */ = {
			isa = PBXNativeTarget;
			buildConfigurationList = 26F99BBD2A2A179E00F0AF8F /* Build configuration list for PBXNativeTarget "Tutorial" */;
			buildPhases = (
				26F99B8F2A2A179B00F0AF8F /* Sources */,
				26F99B902A2A179B00F0AF8F /* Frameworks */,
				26F99B912A2A179B00F0AF8F /* Resources */,
			);
			buildRules = (
			);
			dependencies = (
			);
			name = Tutorial;
			productName = Tutorial;
			productReference = 26F99B932A2A179B00F0AF8F /* Tutorial.app */;
			productType = "com.apple.product-type.application";
		};
		26F99BA82A2A179E00F0AF8F /* TutorialTests */ = {
			isa = PBXNativeTarget;
			buildConfigurationList = 26F99BC02A2A179E00F0AF8F /* Build configuration list for PBXNativeTarget "TutorialTests" */;
			buildPhases = (
				26F99BA52A2A179E00F0AF8F /* Sources */,
				26F99BA62A2A179E00F0AF8F /* Frameworks */,
				26F99BA72A2A179E00F0AF8F /* Resources */,
			);
			buildRules = (
			);
			dependencies = (
				26F99BAB2A2A179E00F0AF8F /* PBXTargetDependency */,
			);
			name = TutorialTests;
			productName = TutorialTests;
			productReference = 26F99BA92A2A179E00F0AF8F /* TutorialTests.xctest */;
			productType = "com.apple.product-type.bundle.unit-test";
		};
		26F99BB22A2A179E00F0AF8F /* TutorialUITests */ = {
			isa = PBXNativeTarget;
			buildConfigurationList = 26F99BC32A2A179E00F0AF8F /* Build configuration list for PBXNativeTarget "TutorialUITests" */;
			buildPhases = (
				26F99BAF2A2A179E00F0AF8F /* Sources */,
				26F99BB02A2A179E00F0AF8F /* Frameworks */,
				26F99BB12A2A179E00F0AF8F /* Resources */,
			);
			buildRules = (
			);
			dependencies = (
				26F99BB52A2A179E00F0AF8F /* PBXTargetDependency */,
			);
			name = TutorialUITests;
			productName = TutorialUITests;
			productReference = 26F99BB32A2A179E00F0AF8F /* TutorialUITests.xctest */;
			productType = "com.apple.product-type.bundle.ui-testing";
		};
/* End PBXNativeTarget section */

/* Begin PBXProject section */
		26F99B8B2A2A179B00F0AF8F /* Project object */ = {
			isa = PBXProject;
			attributes = {
				BuildIndependentTargetsInParallel = 1;
				LastSwiftUpdateCheck = 1430;
				LastUpgradeCheck = 1430;
				TargetAttributes = {
					26F99B922A2A179B00F0AF8F = {
						CreatedOnToolsVersion = 14.3;
					};
					26F99BA82A2A179E00F0AF8F = {
						CreatedOnToolsVersion = 14.3;
						TestTargetID = 26F99B922A2A179B00F0AF8F;
					};
					26F99BB22A2A179E00F0AF8F = {
						CreatedOnToolsVersion = 14.3;
						TestTargetID = 26F99B922A2A179B00F0AF8F;
					};
				};
			};
			buildConfigurationList = 26F99B8E2A2A179B00F0AF8F /* Build configuration list for PBXProject "Tutorial" */;
			compatibilityVersion = "Xcode 14.0";
			developmentRegion = en;
			hasScannedForEncodings = 0;
			knownRegions = (
				en,
				Base,
			);
			mainGroup = 26F99B8A2A2A179B00F0AF8F;
			productRefGroup = 26F99B942A2A179B00F0AF8F /* Products */;
			projectDirPath = "";
			projectRoot = "";
			targets = (
				26F99B922A2A179B00F0AF8F /* Tutorial */,
				26F99BA82A2A179E00F0AF8F /* TutorialTests */,
				26F99BB22A2A179E00F0AF8F /* TutorialUITests */,
			);
		};
/* End PBXProject section */

/* Begin PBXResourcesBuildPhase section */
		26F99B912A2A179B00F0AF8F /* Resources */ = {
			isa = PBXResourcesBuildPhase;
			buildActionMask = 2147483647;
			files = (
				26F99BA32A2A179D00F0AF8F /* LaunchScreen.storyboard in Resources */,
				26F99BA02A2A179D00F0AF8F /* Assets.xcassets in Resources */,
				26F99B9E2A2A179B00F0AF8F /* Main.storyboard in Resources */,
			);
			runOnlyForDeploymentPostprocessing = 0;
		};
		26F99BA72A2A179E00F0AF8F /* Resources */ = {
			isa = PBXResourcesBuildPhase;
			buildActionMask = 2147483647;
			files = (
			);
			runOnlyForDeploymentPostprocessing = 0;
		};
		26F99BB12A2A179E00F0AF8F /* Resources */ = {
			isa = PBXResourcesBuildPhase;
			buildActionMask = 2147483647;
			files = (
			);
			runOnlyForDeploymentPostprocessing = 0;
		};
/* End PBXResourcesBuildPhase section */

/* Begin PBXSourcesBuildPhase section */
		26F99B8F2A2A179B00F0AF8F /* Sources */ = {
			isa = PBXSourcesBuildPhase;
			buildActionMask = 2147483647;
			files = (
				26F99B9B2A2A179B00F0AF8F /* ViewController.swift in Sources */,
				26F99B972A2A179B00F0AF8F /* AppDelegate.swift in Sources */,
				26F99B992A2A179B00F0AF8F /* SceneDelegate.swift in Sources */,
			);
			runOnlyForDeploymentPostprocessing = 0;
		};
		26F99BA52A2A179E00F0AF8F /* Sources */ = {
			isa = PBXSourcesBuildPhase;
			buildActionMask = 2147483647;
			files = (
				26F99BAE2A2A179E00F0AF8F /* TutorialTests.swift in Sources */,
			);
			runOnlyForDeploymentPostprocessing = 0;
		};
		26F99BAF2A2A179E00F0AF8F /* Sources */ = {
			isa = PBXSourcesBuildPhase;
			buildActionMask = 2147483647;
			files = (
				26F99BBA2A2A179E00F0AF8F /* TutorialUITestsLaunchTests.swift in Sources */,
				26F99BB82A2A179E00F0AF8F /* TutorialUITests.swift in Sources */,
			);
			runOnlyForDeploymentPostprocessing = 0;
		};
/* End PBXSourcesBuildPhase section */

/* Begin PBXTargetDependency section */
		26F99BAB2A2A179E00F0AF8F /* PBXTargetDependency */ = {
			isa = PBXTargetDependency;
			target = 26F99B922A2A179B00F0AF8F /* Tutorial */;
			targetProxy = 26F99BAA2A2A179E00F0AF8F /* PBXContainerItemProxy */;
		};
		26F99BB52A2A179E00F0AF8F /* PBXTargetDependency */ = {
			isa = PBXTargetDependency;
			target = 26F99B922A2A179B00F0AF8F /* Tutorial */;
			targetProxy = 26F99BB42A2A179E00F0AF8F /* PBXContainerItemProxy */;
		};
/* End PBXTargetDependency section */

/* Begin PBXVariantGroup section */
		26F99B9C2A2A179B00F0AF8F /* Main.storyboard */ = {
			isa = PBXVariantGroup;
			children = (
				26F99B9D2A2A179B00F0AF8F /* Base */,
			);
			name = Main.storyboard;
			sourceTree = "<group>";
		};
		26F99BA12A2A179D00F0AF8F /* LaunchScreen.storyboard */ = {
			isa = PBXVariantGroup;
			children = (
				26F99BA22A2A179D00F0AF8F /* Base */,
			);
			name = LaunchScreen.storyboard;
			sourceTree = "<group>";
		};
/* End PBXVariantGroup section */

/* Begin XCBuildConfiguration section */
		26F99BBB2A2A179E00F0AF8F /* Debug */ = {
			isa = XCBuildConfiguration;
			buildSettings = {
				ALWAYS_SEARCH_USER_PATHS = NO;
				CLANG_ANALYZER_NONNULL = YES;
				CLANG_ANALYZER_NUMBER_OBJECT_CONVERSION = YES_AGGRESSIVE;
				CLANG_CXX_LANGUAGE_STANDARD = "gnu++20";
				CLANG_ENABLE_MODULES = YES;
				CLANG_ENABLE_OBJC_ARC = YES;
				CLANG_ENABLE_OBJC_WEAK = YES;
				CLANG_WARN_BLOCK_CAPTURE_AUTORELEASING = YES;
				CLANG_WARN_BOOL_CONVERSION = YES;
				CLANG_WARN_COMMA = YES;
				CLANG_WARN_CONSTANT_CONVERSION = YES;
				CLANG_WARN_DEPRECATED_OBJC_IMPLEMENTATIONS = YES;
				CLANG_WARN_DIRECT_OBJC_ISA_USAGE = YES_ERROR;
				CLANG_WARN_DOCUMENTATION_COMMENTS = YES;
				CLANG_WARN_EMPTY_BODY = YES;
				CLANG_WARN_ENUM_CONVERSION = YES;
				CLANG_WARN_INFINITE_RECURSION = YES;
				CLANG_WARN_INT_CONVERSION = YES;
				CLANG_WARN_NON_LITERAL_NULL_CONVERSION = YES;
				CLANG_WARN_OBJC_IMPLICIT_RETAIN_SELF = YES;
				CLANG_WARN_OBJC_LITERAL_CONVERSION = YES;
				CLANG_WARN_OBJC_ROOT_CLASS = YES_ERROR;
				CLANG_WARN_QUOTED_INCLUDE_IN_FRAMEWORK_HEADER = YES;
				CLANG_WARN_RANGE_LOOP_ANALYSIS = YES;
				CLANG_WARN_STRICT_PROTOTYPES = YES;
				CLANG_WARN_SUSPICIOUS_MOVE = YES;
				CLANG_WARN_UNGUARDED_AVAILABILITY = YES_AGGRESSIVE;
				CLANG_WARN_UNREACHABLE_CODE = YES;
				CLANG_WARN__DUPLICATE_METHOD_MATCH = YES;
				COPY_PHASE_STRIP = NO;
				DEBUG_INFORMATION_FORMAT = dwarf;
				ENABLE_STRICT_OBJC_MSGSEND = YES;
				ENABLE_TESTABILITY = YES;
				GCC_C_LANGUAGE_STANDARD = gnu11;
				GCC_DYNAMIC_NO_PIC = NO;
				GCC_NO_COMMON_BLOCKS = YES;
				GCC_OPTIMIZATION_LEVEL = 0;
				GCC_PREPROCESSOR_DEFINITIONS = (
					"DEBUG=1",
					"$(inherited)",
				);
				GCC_WARN_64_TO_32_BIT_CONVERSION = YES;
				GCC_WARN_ABOUT_RETURN_TYPE = YES_ERROR;
				GCC_WARN_UNDECLARED_SELECTOR = YES;
				GCC_WARN_UNINITIALIZED_AUTOS = YES_AGGRESSIVE;
				GCC_WARN_UNUSED_FUNCTION = YES;
				GCC_WARN_UNUSED_VARIABLE = YES;
				IPHONEOS_DEPLOYMENT_TARGET = 16.4;
				MTL_ENABLE_DEBUG_INFO = INCLUDE_SOURCE;
				MTL_FAST_MATH = YES;
				ONLY_ACTIVE_ARCH = YES;
				SDKROOT = iphoneos;
				SWIFT_ACTIVE_COMPILATION_CONDITIONS = DEBUG;
				SWIFT_OPTIMIZATION_LEVEL = "-Onone";
			};
			name = Debug;
		};
		26F99BBC2A2A179E00F0AF8F /* Release */ = {
			isa = XCBuildConfiguration;
			buildSettings = {
				ALWAYS_SEARCH_USER_PATHS = NO;
				CLANG_ANALYZER_NONNULL = YES;
				CLANG_ANALYZER_NUMBER_OBJECT_CONVERSION = YES_AGGRESSIVE;
				CLANG_CXX_LANGUAGE_STANDARD = "gnu++20";
				CLANG_ENABLE_MODULES = YES;
				CLANG_ENABLE_OBJC_ARC = YES;
				CLANG_ENABLE_OBJC_WEAK = YES;
				CLANG_WARN_BLOCK_CAPTURE_AUTORELEASING = YES;
				CLANG_WARN_BOOL_CONVERSION = YES;
				CLANG_WARN_COMMA = YES;
				CLANG_WARN_CONSTANT_CONVERSION = YES;
				CLANG_WARN_DEPRECATED_OBJC_IMPLEMENTATIONS = YES;
				CLANG_WARN_DIRECT_OBJC_ISA_USAGE = YES_ERROR;
				CLANG_WARN_DOCUMENTATION_COMMENTS = YES;
				CLANG_WARN_EMPTY_BODY = YES;
				CLANG_WARN_ENUM_CONVERSION = YES;
				CLANG_WARN_INFINITE_RECURSION = YES;
				CLANG_WARN_INT_CONVERSION = YES;
				CLANG_WARN_NON_LITERAL_NULL_CONVERSION = YES;
				CLANG_WARN_OBJC_IMPLICIT_RETAIN_SELF = YES;
				CLANG_WARN_OBJC_LITERAL_CONVERSION = YES;
				CLANG_WARN_OBJC_ROOT_CLASS = YES_ERROR;
				CLANG_WARN_QUOTED_INCLUDE_IN_FRAMEWORK_HEADER = YES;
				CLANG_WARN_RANGE_LOOP_ANALYSIS = YES;
				CLANG_WARN_STRICT_PROTOTYPES = YES;
				CLANG_WARN_SUSPICIOUS_MOVE = YES;
				CLANG_WARN_UNGUARDED_AVAILABILITY = YES_AGGRESSIVE;
				CLANG_WARN_UNREACHABLE_CODE = YES;
				CLANG_WARN__DUPLICATE_METHOD_MATCH = YES;
				COPY_PHASE_STRIP = NO;
				DEBUG_INFORMATION_FORMAT = "dwarf-with-dsym";
				ENABLE_NS_ASSERTIONS = NO;
				ENABLE_STRICT_OBJC_MSGSEND = YES;
				GCC_C_LANGUAGE_STANDARD = gnu11;
				GCC_NO_COMMON_BLOCKS = YES;
				GCC_WARN_64_TO_32_BIT_CONVERSION = YES;
				GCC_WARN_ABOUT_RETURN_TYPE = YES_ERROR;
				GCC_WARN_UNDECLARED_SELECTOR = YES;
				GCC_WARN_UNINITIALIZED_AUTOS = YES_AGGRESSIVE;
				GCC_WARN_UNUSED_FUNCTION = YES;
				GCC_WARN_UNUSED_VARIABLE = YES;
				IPHONEOS_DEPLOYMENT_TARGET = 16.4;
				MTL_ENABLE_DEBUG_INFO = NO;
				MTL_FAST_MATH = YES;
				SDKROOT = iphoneos;
				SWIFT_COMPILATION_MODE = wholemodule;
				SWIFT_OPTIMIZATION_LEVEL = "-O";
				VALIDATE_PRODUCT = YES;
			};
			name = Release;
		};
		26F99BBE2A2A179E00F0AF8F /* Debug */ = {
			isa = XCBuildConfiguration;
			buildSettings = {
				ASSETCATALOG_COMPILER_APPICON_NAME = AppIcon;
				ASSETCATALOG_COMPILER_GLOBAL_ACCENT_COLOR_NAME = AccentColor;
				CODE_SIGN_STYLE = Automatic;
				CURRENT_PROJECT_VERSION = 1;
				GENERATE_INFOPLIST_FILE = YES;
				INFOPLIST_FILE = Tutorial/Info.plist;
				INFOPLIST_KEY_UIApplicationSupportsIndirectInputEvents = YES;
				INFOPLIST_KEY_UILaunchStoryboardName = LaunchScreen;
				INFOPLIST_KEY_UIMainStoryboardFile = Main;
				INFOPLIST_KEY_UISupportedInterfaceOrientations_iPad = "UIInterfaceOrientationPortrait UIInterfaceOrientationPortraitUpsideDown UIInterfaceOrientationLandscapeLeft UIInterfaceOrientationLandscapeRight";
				INFOPLIST_KEY_UISupportedInterfaceOrientations_iPhone = "UIInterfaceOrientationPortrait UIInterfaceOrientationLandscapeLeft UIInterfaceOrientationLandscapeRight";
				LD_RUNPATH_SEARCH_PATHS = (
					"$(inherited)",
					"@executable_path/Frameworks",
				);
				MARKETING_VERSION = 1.0;
				PRODUCT_BUNDLE_IDENTIFIER = Truongduytan.Tutorial;
				PRODUCT_NAME = "$(TARGET_NAME)";
				SWIFT_EMIT_LOC_STRINGS = YES;
				SWIFT_VERSION = 5.0;
				TARGETED_DEVICE_FAMILY = "1,2";
			};
			name = Debug;
		};
		26F99BBF2A2A179E00F0AF8F /* Release */ = {
			isa = XCBuildConfiguration;
			buildSettings = {
				ASSETCATALOG_COMPILER_APPICON_NAME = AppIcon;
				ASSETCATALOG_COMPILER_GLOBAL_ACCENT_COLOR_NAME = AccentColor;
				CODE_SIGN_STYLE = Automatic;
				CURRENT_PROJECT_VERSION = 1;
				GENERATE_INFOPLIST_FILE = YES;
				INFOPLIST_FILE = Tutorial/Info.plist;
				INFOPLIST_KEY_UIApplicationSupportsIndirectInputEvents = YES;
				INFOPLIST_KEY_UILaunchStoryboardName = LaunchScreen;
				INFOPLIST_KEY_UIMainStoryboardFile = Main;
				INFOPLIST_KEY_UISupportedInterfaceOrientations_iPad = "UIInterfaceOrientationPortrait UIInterfaceOrientationPortraitUpsideDown UIInterfaceOrientationLandscapeLeft UIInterfaceOrientationLandscapeRight";
				INFOPLIST_KEY_UISupportedInterfaceOrientations_iPhone = "UIInterfaceOrientationPortrait UIInterfaceOrientationLandscapeLeft UIInterfaceOrientationLandscapeRight";
				LD_RUNPATH_SEARCH_PATHS = (
					"$(inherited)",
					"@executable_path/Frameworks",
				);
				MARKETING_VERSION = 1.0;
				PRODUCT_BUNDLE_IDENTIFIER = Truongduytan.Tutorial;
				PRODUCT_NAME = "$(TARGET_NAME)";
				SWIFT_EMIT_LOC_STRINGS = YES;
				SWIFT_VERSION = 5.0;
				TARGETED_DEVICE_FAMILY = "1,2";
			};
			name = Release;
		};
		26F99BC12A2A179E00F0AF8F /* Debug */ = {
			isa = XCBuildConfiguration;
			buildSettings = {
				ALWAYS_EMBED_SWIFT_STANDARD_LIBRARIES = YES;
				BUNDLE_LOADER = "$(TEST_HOST)";
				CODE_SIGN_STYLE = Automatic;
				CURRENT_PROJECT_VERSION = 1;
				GENERATE_INFOPLIST_FILE = YES;
				IPHONEOS_DEPLOYMENT_TARGET = 16.4;
				MARKETING_VERSION = 1.0;
				PRODUCT_BUNDLE_IDENTIFIER = Truongduytan.TutorialTests;
				PRODUCT_NAME = "$(TARGET_NAME)";
				SWIFT_EMIT_LOC_STRINGS = NO;
				SWIFT_VERSION = 5.0;
				TARGETED_DEVICE_FAMILY = "1,2";
				TEST_HOST = "$(BUILT_PRODUCTS_DIR)/Tutorial.app/$(BUNDLE_EXECUTABLE_FOLDER_PATH)/Tutorial";
			};
			name = Debug;
		};
		26F99BC22A2A179E00F0AF8F /* Release */ = {
			isa = XCBuildConfiguration;
			buildSettings = {
				ALWAYS_EMBED_SWIFT_STANDARD_LIBRARIES = YES;
				BUNDLE_LOADER = "$(TEST_HOST)";
				CODE_SIGN_STYLE = Automatic;
				CURRENT_PROJECT_VERSION = 1;
				GENERATE_INFOPLIST_FILE = YES;
				IPHONEOS_DEPLOYMENT_TARGET = 16.4;
				MARKETING_VERSION = 1.0;
				PRODUCT_BUNDLE_IDENTIFIER = Truongduytan.TutorialTests;
				PRODUCT_NAME = "$(TARGET_NAME)";
				SWIFT_EMIT_LOC_STRINGS = NO;
				SWIFT_VERSION = 5.0;
				TARGETED_DEVICE_FAMILY = "1,2";
				TEST_HOST = "$(BUILT_PRODUCTS_DIR)/Tutorial.app/$(BUNDLE_EXECUTABLE_FOLDER_PATH)/Tutorial";
			};
			name = Release;
		};
		26F99BC42A2A179E00F0AF8F /* Debug */ = {
			isa = XCBuildConfiguration;
			buildSettings = {
				ALWAYS_EMBED_SWIFT_STANDARD_LIBRARIES = YES;
				CODE_SIGN_STYLE = Automatic;
				CURRENT_PROJECT_VERSION = 1;
				GENERATE_INFOPLIST_FILE = YES;
				MARKETING_VERSION = 1.0;
				PRODUCT_BUNDLE_IDENTIFIER = Truongduytan.TutorialUITests;
				PRODUCT_NAME = "$(TARGET_NAME)";
				SWIFT_EMIT_LOC_STRINGS = NO;
				SWIFT_VERSION = 5.0;
				TARGETED_DEVICE_FAMILY = "1,2";
				TEST_TARGET_NAME = Tutorial;
			};
			name = Debug;
		};
		26F99BC52A2A179E00F0AF8F /* Release */ = {
			isa = XCBuildConfiguration;
			buildSettings = {
				ALWAYS_EMBED_SWIFT_STANDARD_LIBRARIES = YES;
				CODE_SIGN_STYLE = Automatic;
				CURRENT_PROJECT_VERSION = 1;
				GENERATE_INFOPLIST_FILE = YES;
				MARKETING_VERSION = 1.0;
				PRODUCT_BUNDLE_IDENTIFIER = Truongduytan.TutorialUITests;
				PRODUCT_NAME = "$(TARGET_NAME)";
				SWIFT_EMIT_LOC_STRINGS = NO;
				SWIFT_VERSION = 5.0;
				TARGETED_DEVICE_FAMILY = "1,2";
				TEST_TARGET_NAME = Tutorial;
			};
			name = Release;
		};
/* End XCBuildConfiguration section */

/* Begin XCConfigurationList section */
		26F99B8E2A2A179B00F0AF8F /* Build configuration list for PBXProject "Tutorial" */ = {
			isa = XCConfigurationList;
			buildConfigurations = (
				26F99BBB2A2A179E00F0AF8F /* Debug */,
				26F99BBC2A2A179E00F0AF8F /* Release */,
			);
			defaultConfigurationIsVisible = 0;
			defaultConfigurationName = Release;
		};
		26F99BBD2A2A179E00F0AF8F /* Build configuration list for PBXNativeTarget "Tutorial" */ = {
			isa = XCConfigurationList;
			buildConfigurations = (
				26F99BBE2A2A179E00F0AF8F /* Debug */,
				26F99BBF2A2A179E00F0AF8F /* Release */,
			);
			defaultConfigurationIsVisible = 0;
			defaultConfigurationName = Release;
		};
		26F99BC02A2A179E00F0AF8F /* Build configuration list for PBXNativeTarget "TutorialTests" */ = {
			isa = XCConfigurationList;
			buildConfigurations = (
				26F99BC12A2A179E00F0AF8F /* Debug */,
				26F99BC22A2A179E00F0AF8F /* Release */,
			);
			defaultConfigurationIsVisible = 0;
			defaultConfigurationName = Release;
		};
		26F99BC32A2A179E00F0AF8F /* Build configuration list for PBXNativeTarget "TutorialUITests" */ = {
			isa = XCConfigurationList;
			buildConfigurations = (
				26F99BC42A2A179E00F0AF8F /* Debug */,
				26F99BC52A2A179E00F0AF8F /* Release */,
			);
			defaultConfigurationIsVisible = 0;
			defaultConfigurationName = Release;
		};
/* End XCConfigurationList section */
	};
	rootObject = 26F99B8B2A2A179B00F0AF8F /* Project object */;
}
